{
  "nodes": {
    "agent-browser": {
      "flake": false,
      "locked": {
        "lastModified": 1769705520,
        "narHash": "sha256-RPtCzOk4ugnMpocp+hFL0JleClaSp1YgTESnJfA1s6s=",
        "owner": "vercel-labs",
        "repo": "agent-browser",
        "rev": "32a0207ffa41e60d18033ddda1be3949701fa5e9",
        "type": "github"
      },
      "original": {
        "owner": "vercel-labs",
        "repo": "agent-browser",
        "type": "github"
      }
    },
    "firefox-addons": {
      "inputs": {
        "nixpkgs": [
          "nixpkgs"
        ]
      },
      "locked": {
        "dir": "pkgs/firefox-addons",
        "lastModified": 1769745834,
        "narHash": "sha256-/7EzWXFrHiF2LiuQPFUD1jhICcRa30QVa/uQCPu1Q/g=",
        "owner": "rycee",
        "repo": "nur-expressions",
        "rev": "ec30ecfdee4b0df2325c2672db21684e806f4b69",
        "type": "gitlab"
      },
      "original": {
        "dir": "pkgs/firefox-addons",
        "owner": "rycee",
        "repo": "nur-expressions",
        "type": "gitlab"
      }
    },
    "flake-parts": {
      "inputs": {
        "nixpkgs-lib": "nixpkgs-lib"
      },
      "locked": {
        "lastModified": 1768135262,
        "narHash": "sha256-PVvu7OqHBGWN16zSi6tEmPwwHQ4rLPU9Plvs8/1TUBY=",
        "owner": "hercules-ci",
        "repo": "flake-parts",
        "rev": "80daad04eddbbf5a4d883996a73f3f542fa437ac",
        "type": "github"
      },
      "original": {
        "owner": "hercules-ci",
        "repo": "flake-parts",
        "type": "github"
      }
    },
    "home-manager": {
      "inputs": {
        "nixpkgs": [
          "nixpkgs"
        ]
      },
      "locked": {
        "lastModified": 1769580047,
        "narHash": "sha256-tNqCP/+2+peAXXQ2V8RwsBkenlfWMERb+Uy6xmevyhM=",
        "rev": "366d78c2856de6ab3411c15c1cb4fb4c2bf5c826",
        "revCount": 5855,
        "type": "tarball",
        "url": "https://api.flakehub.com/f/pinned/nix-community/home-manager/0.2511.5855%2Brev-366d78c2856de6ab3411c15c1cb4fb4c2bf5c826/019c0331-86a3-7732-bd80-956dfeb5985a/source.tar.gz"
      },
      "original": {
        "type": "tarball",
        "url": "https://flakehub.com/f/nix-community/home-manager/0"
      }
    },
    "nix-darwin": {
      "inputs": {
        "nixpkgs": [
          "nixpkgs"
        ]
      },
      "locked": {
        "lastModified": 1767634391,
        "narHash": "sha256-owcSz2ICqTSvhBbhPP+1eWzi88e54rRZtfCNE5E/wwg=",
        "rev": "08585aacc3d6d6c280a02da195fdbd4b9cf083c2",
        "revCount": 2291,
        "type": "tarball",
        "url": "https://api.flakehub.com/f/pinned/nix-darwin/nix-darwin/0.2511.2291%2Brev-08585aacc3d6d6c280a02da195fdbd4b9cf083c2/019b8f3b-1aad-7a2a-a9a5-88d047da3691/source.tar.gz"
      },
      "original": {
        "type": "tarball",
        "url": "https://flakehub.com/f/nix-darwin/nix-darwin/0"
      }
    },
    "nix-index-database": {
      "inputs": {
        "nixpkgs": [
          "nixpkgs"
        ]
      },
      "locked": {
        "lastModified": 1765267181,
        "narHash": "sha256-d3NBA9zEtBu2JFMnTBqWj7Tmi7R5OikoU2ycrdhQEws=",
        "owner": "nix-community",
        "repo": "nix-index-database",
        "rev": "82befcf7dc77c909b0f2a09f5da910ec95c5b78f",
        "type": "github"
      },
      "original": {
        "owner": "nix-community",
        "repo": "nix-index-database",
        "type": "github"
      }
    },
    "nixpkgs": {
      "locked": {
        "lastModified": 1769566947,
        "narHash": "sha256-UpkIqCn9t4DYgzjoY87pYYVklmWcse+QDJjW4czz3BE=",
        "owner": "NixOS",
        "repo": "nixpkgs",
        "rev": "b8b099e0cf8cf14c3ff5482bf3c3cd92f8efa628",
        "type": "github"
      },
      "original": {
        "owner": "NixOS",
        "ref": "nixpkgs-25.11-darwin",
        "repo": "nixpkgs",
        "type": "github"
      }
    },
    "nixpkgs-lib": {
      "locked": {
        "lastModified": 1765674936,
        "narHash": "sha256-k00uTP4JNfmejrCLJOwdObYC9jHRrr/5M/a/8L2EIdo=",
        "owner": "nix-community",
        "repo": "nixpkgs.lib",
        "rev": "2075416fcb47225d9b68ac469a5c4801a9c4dd85",
        "type": "github"
      },
      "original": {
        "owner": "nix-community",
        "repo": "nixpkgs.lib",
        "type": "github"
      }
    },
    "opencode-mystatus": {
      "flake": false,
      "locked": {
        "lastModified": 1768926933,
        "narHash": "sha256-pHXmdEFw5nlJc+/jehCjySAmBRL7UsFBRpHcnSjWMek=",
        "owner": "vbgate",
        "repo": "opencode-mystatus",
        "rev": "196eed3834802a3d9cb0cea74aed8cbc743bcff4",
        "type": "github"
      },
      "original": {
        "owner": "vbgate",
        "repo": "opencode-mystatus",
        "type": "github"
      }
    },
    "opencode-notify": {
      "flake": false,
      "locked": {
        "lastModified": 1769198051,
        "narHash": "sha256-imheCw6M0E/iAaMIvPn+gWq5PxfPU0MvOGgiZhaN/xs=",
        "owner": "kdcokenny",
        "repo": "opencode-notify",
        "rev": "fe2bba68a3c2a82c727af69db5923f628aa9caa4",
        "type": "github"
      },
      "original": {
        "owner": "kdcokenny",
        "repo": "opencode-notify",
        "type": "github"
      }
    },
    "root": {
      "inputs": {
        "agent-browser": "agent-browser",
        "firefox-addons": "firefox-addons",
        "flake-parts": "flake-parts",
        "home-manager": "home-manager",
        "nix-darwin": "nix-darwin",
        "nix-index-database": "nix-index-database",
        "nixpkgs": "nixpkgs",
        "opencode-mystatus": "opencode-mystatus",
        "opencode-notify": "opencode-notify",
        "rust-overlay": "rust-overlay",
        "skill-react-best-practices": "skill-react-best-practices",
        "sops-nix": "sops-nix",
        "zen-browser": "zen-browser"
      }
    },
    "rust-overlay": {
      "inputs": {
        "nixpkgs": [
          "nixpkgs"
        ]
      },
      "locked": {
        "lastModified": 1769742225,
        "narHash": "sha256-roSD/OJ3x9nF+Dxr+/bLClX3U8FP9EkCQIFpzxKjSUM=",
        "owner": "oxalica",
        "repo": "rust-overlay",
        "rev": "bcdd8d37594f0e201639f55889c01c827baf5c75",
        "type": "github"
      },
      "original": {
        "owner": "oxalica",
        "repo": "rust-overlay",
        "type": "github"
      }
    },
    "skill-react-best-practices": {
      "flake": false,
      "locked": {
        "lastModified": 1769685356,
        "narHash": "sha256-rSfySiCwtEP82tG9La4G7l4bu7W40ICT2qHeqpJArXc=",
        "owner": "vercel-labs",
        "repo": "agent-skills",
        "rev": "e23951b8cad2f4b1e7e176c5731127c1263fe86f",
        "type": "github"
      },
      "original": {
        "owner": "vercel-labs",
        "repo": "agent-skills",
        "type": "github"
      }
    },
    "sops-nix": {
      "inputs": {
        "nixpkgs": [
          "nixpkgs"
        ]
      },
      "locked": {
        "lastModified": 1769469829,
        "narHash": "sha256-wFcr32ZqspCxk4+FvIxIL0AZktRs6DuF8oOsLt59YBU=",
        "owner": "Mic92",
        "repo": "sops-nix",
        "rev": "c5eebd4eb2e3372fe12a8d70a248a6ee9dd02eff",
        "type": "github"
      },
      "original": {
        "owner": "Mic92",
        "repo": "sops-nix",
        "type": "github"
      }
    },
    "zen-browser": {
      "inputs": {
        "home-manager": [
          "home-manager"
        ],
        "nixpkgs": [
          "nixpkgs"
        ]
      },
      "locked": {
        "lastModified": 1769748063,
        "narHash": "sha256-H5XCtJMS3RQKHeaS+axX7CAJ0WwuTUYGy4uzLFSm0Xc=",
        "owner": "0xc000022070",
        "repo": "zen-browser-flake",
        "rev": "efdd1e683da9412f515b9bd42c37861978c2fd3a",
        "type": "github"
      },
      "original": {
        "owner": "0xc000022070",
        "repo": "zen-browser-flake",
        "type": "github"
      }
    }
  },
  "root": "root",
  "version": 7
}
