{
  "nodes": {
    "agent-browser": {
      "flake": false,
      "locked": {
        "lastModified": 1768588078,
        "narHash": "sha256-ocLxt9T+lMHcucChzIZWl2G+kRqshO5rZxjnf3vCnPY=",
        "owner": "vercel-labs",
        "repo": "agent-browser",
        "rev": "1f31452fea257db2874a2d2bd94da1de15b9ab1e",
        "type": "github"
      },
      "original": {
        "owner": "vercel-labs",
        "repo": "agent-browser",
        "type": "github"
      }
    },
    "firefox-addons": {
      "inputs": {
        "nixpkgs": [
          "nixpkgs"
        ]
      },
      "locked": {
        "dir": "pkgs/firefox-addons",
        "lastModified": 1768536226,
        "narHash": "sha256-d1VSTNa7ajTxT39QBp3gKSbgmgn7yx8RxTZuvZwNX9Y=",
        "owner": "rycee",
        "repo": "nur-expressions",
        "rev": "b092ea4a7d083e09e0aa2de909c1b35b9efb3ee0",
        "type": "gitlab"
      },
      "original": {
        "dir": "pkgs/firefox-addons",
        "owner": "rycee",
        "repo": "nur-expressions",
        "type": "gitlab"
      }
    },
    "flake-parts": {
      "inputs": {
        "nixpkgs-lib": "nixpkgs-lib"
      },
      "locked": {
        "lastModified": 1768135262,
        "narHash": "sha256-PVvu7OqHBGWN16zSi6tEmPwwHQ4rLPU9Plvs8/1TUBY=",
        "owner": "hercules-ci",
        "repo": "flake-parts",
        "rev": "80daad04eddbbf5a4d883996a73f3f542fa437ac",
        "type": "github"
      },
      "original": {
        "owner": "hercules-ci",
        "repo": "flake-parts",
        "type": "github"
      }
    },
    "home-manager": {
      "inputs": {
        "nixpkgs": [
          "nixpkgs"
        ]
      },
      "locked": {
        "lastModified": 1767910483,
        "narHash": "sha256-MOU5YdVu4DVwuT5ztXgQpPuRRBjSjUGIdUzOQr9iQOY=",
        "rev": "82fb7dedaad83e5e279127a38ef410bcfac6d77c",
        "revCount": 5852,
        "type": "tarball",
        "url": "https://api.flakehub.com/f/pinned/nix-community/home-manager/0.2511.5852%2Brev-82fb7dedaad83e5e279127a38ef410bcfac6d77c/019b9fae-ad85-7869-b308-50882ba396bb/source.tar.gz"
      },
      "original": {
        "type": "tarball",
        "url": "https://flakehub.com/f/nix-community/home-manager/0"
      }
    },
    "nix-darwin": {
      "inputs": {
        "nixpkgs": [
          "nixpkgs"
        ]
      },
      "locked": {
        "lastModified": 1767634391,
        "narHash": "sha256-owcSz2ICqTSvhBbhPP+1eWzi88e54rRZtfCNE5E/wwg=",
        "rev": "08585aacc3d6d6c280a02da195fdbd4b9cf083c2",
        "revCount": 2291,
        "type": "tarball",
        "url": "https://api.flakehub.com/f/pinned/nix-darwin/nix-darwin/0.2511.2291%2Brev-08585aacc3d6d6c280a02da195fdbd4b9cf083c2/019b8f3b-1aad-7a2a-a9a5-88d047da3691/source.tar.gz"
      },
      "original": {
        "type": "tarball",
        "url": "https://flakehub.com/f/nix-darwin/nix-darwin/0"
      }
    },
    "nix-index-database": {
      "inputs": {
        "nixpkgs": [
          "nixpkgs"
        ]
      },
      "locked": {
        "lastModified": 1765267181,
        "narHash": "sha256-d3NBA9zEtBu2JFMnTBqWj7Tmi7R5OikoU2ycrdhQEws=",
        "owner": "nix-community",
        "repo": "nix-index-database",
        "rev": "82befcf7dc77c909b0f2a09f5da910ec95c5b78f",
        "type": "github"
      },
      "original": {
        "owner": "nix-community",
        "repo": "nix-index-database",
        "type": "github"
      }
    },
    "nixpkgs": {
      "locked": {
        "lastModified": 1767962478,
        "narHash": "sha256-7ywwapHmJ2/dtP0j1t9fV9KQc+byL9W9X9oG3aDS4qg=",
        "owner": "NixOS",
        "repo": "nixpkgs",
        "rev": "35588f29848c57ea8ac86699278d2a410dab0adb",
        "type": "github"
      },
      "original": {
        "owner": "NixOS",
        "ref": "nixpkgs-25.11-darwin",
        "repo": "nixpkgs",
        "type": "github"
      }
    },
    "nixpkgs-lib": {
      "locked": {
        "lastModified": 1765674936,
        "narHash": "sha256-k00uTP4JNfmejrCLJOwdObYC9jHRrr/5M/a/8L2EIdo=",
        "owner": "nix-community",
        "repo": "nixpkgs.lib",
        "rev": "2075416fcb47225d9b68ac469a5c4801a9c4dd85",
        "type": "github"
      },
      "original": {
        "owner": "nix-community",
        "repo": "nixpkgs.lib",
        "type": "github"
      }
    },
    "opencode-mystatus": {
      "flake": false,
      "locked": {
        "lastModified": 1768329166,
        "narHash": "sha256-98Ghl4AvbeIFvwHtl8RmOnNMfBvvf0Nmp7oi4liCWyg=",
        "owner": "vbgate",
        "repo": "opencode-mystatus",
        "rev": "af9c0e33acafae60fef7c7a8e8998a14c9191fbc",
        "type": "github"
      },
      "original": {
        "owner": "vbgate",
        "repo": "opencode-mystatus",
        "type": "github"
      }
    },
    "opencode-notify": {
      "flake": false,
      "locked": {
        "lastModified": 1768279365,
        "narHash": "sha256-tQ6TX8rAFFBKCRWzk7XQxxmFZDVO2K0EUnivDEHZ9Ek=",
        "owner": "kdcokenny",
        "repo": "opencode-notify",
        "rev": "8db0819cf268ae67ae7fb84abe2b040bfdfeb863",
        "type": "github"
      },
      "original": {
        "owner": "kdcokenny",
        "repo": "opencode-notify",
        "type": "github"
      }
    },
    "root": {
      "inputs": {
        "agent-browser": "agent-browser",
        "firefox-addons": "firefox-addons",
        "flake-parts": "flake-parts",
        "home-manager": "home-manager",
        "nix-darwin": "nix-darwin",
        "nix-index-database": "nix-index-database",
        "nixpkgs": "nixpkgs",
        "opencode-mystatus": "opencode-mystatus",
        "opencode-notify": "opencode-notify",
        "skill-react-best-practices": "skill-react-best-practices",
        "sops-nix": "sops-nix",
        "zen-browser": "zen-browser"
      }
    },
    "skill-react-best-practices": {
      "flake": false,
      "locked": {
        "lastModified": 1768500580,
        "narHash": "sha256-xqyt/k0mi+o2bPshpOY48dHB7RvoImUNK8hPkXGCZQo=",
        "owner": "vercel-labs",
        "repo": "agent-skills",
        "rev": "42ecbef87d26daa782f5ee8c77b91e149228e9de",
        "type": "github"
      },
      "original": {
        "owner": "vercel-labs",
        "repo": "agent-skills",
        "type": "github"
      }
    },
    "sops-nix": {
      "inputs": {
        "nixpkgs": [
          "nixpkgs"
        ]
      },
      "locked": {
        "lastModified": 1768481291,
        "narHash": "sha256-NjKtkJraCZEnLHAJxLTI+BfdU//9coAz9p5TqveZwPU=",
        "owner": "Mic92",
        "repo": "sops-nix",
        "rev": "e085e303dfcce21adcb5fec535d65aacb066f101",
        "type": "github"
      },
      "original": {
        "owner": "Mic92",
        "repo": "sops-nix",
        "type": "github"
      }
    },
    "zen-browser": {
      "inputs": {
        "home-manager": [
          "home-manager"
        ],
        "nixpkgs": [
          "nixpkgs"
        ]
      },
      "locked": {
        "lastModified": 1768379550,
        "narHash": "sha256-z94S29l5V86h11LZbPIMbHTJyksDG63aqISsZkTTuJY=",
        "owner": "0xc000022070",
        "repo": "zen-browser-flake",
        "rev": "06f61b4e4f4f6ba8027c96a5611c63dc0db12b90",
        "type": "github"
      },
      "original": {
        "owner": "0xc000022070",
        "repo": "zen-browser-flake",
        "type": "github"
      }
    }
  },
  "root": "root",
  "version": 7
}
