{
  "nodes": {
    "agent-browser": {
      "flake": false,
      "locked": {
        "lastModified": 1769528027,
        "narHash": "sha256-RPSpFUfNbJ7fGcPXTOV3Z+a8j/46gSSIjC/np0UQQqk=",
        "owner": "vercel-labs",
        "repo": "agent-browser",
        "rev": "71a79f64e814c74d505a1df3d24e41dc7ce940e9",
        "type": "github"
      },
      "original": {
        "owner": "vercel-labs",
        "repo": "agent-browser",
        "type": "github"
      }
    },
    "firefox-addons": {
      "inputs": {
        "nixpkgs": [
          "nixpkgs"
        ]
      },
      "locked": {
        "dir": "pkgs/firefox-addons",
        "lastModified": 1769486619,
        "narHash": "sha256-MEBKRsOj9s65KRvvugu4i7ytW2eASk67pFDgxgwsEr4=",
        "owner": "rycee",
        "repo": "nur-expressions",
        "rev": "02ae5ccdcbe8defe6047840a7b46e67e215bef69",
        "type": "gitlab"
      },
      "original": {
        "dir": "pkgs/firefox-addons",
        "owner": "rycee",
        "repo": "nur-expressions",
        "type": "gitlab"
      }
    },
    "flake-parts": {
      "inputs": {
        "nixpkgs-lib": "nixpkgs-lib"
      },
      "locked": {
        "lastModified": 1768135262,
        "narHash": "sha256-PVvu7OqHBGWN16zSi6tEmPwwHQ4rLPU9Plvs8/1TUBY=",
        "owner": "hercules-ci",
        "repo": "flake-parts",
        "rev": "80daad04eddbbf5a4d883996a73f3f542fa437ac",
        "type": "github"
      },
      "original": {
        "owner": "hercules-ci",
        "repo": "flake-parts",
        "type": "github"
      }
    },
    "home-manager": {
      "inputs": {
        "nixpkgs": [
          "nixpkgs"
        ]
      },
      "locked": {
        "lastModified": 1768949235,
        "narHash": "sha256-TtjKgXyg1lMfh374w5uxutd6Vx2P/hU81aEhTxrO2cg=",
        "rev": "75ed713570ca17427119e7e204ab3590cc3bf2a5",
        "revCount": 5854,
        "type": "tarball",
        "url": "https://api.flakehub.com/f/pinned/nix-community/home-manager/0.2511.5854%2Brev-75ed713570ca17427119e7e204ab3590cc3bf2a5/019bdd98-c10e-7a70-b114-e076ca100f2c/source.tar.gz"
      },
      "original": {
        "type": "tarball",
        "url": "https://flakehub.com/f/nix-community/home-manager/0"
      }
    },
    "nix-darwin": {
      "inputs": {
        "nixpkgs": [
          "nixpkgs"
        ]
      },
      "locked": {
        "lastModified": 1767634391,
        "narHash": "sha256-owcSz2ICqTSvhBbhPP+1eWzi88e54rRZtfCNE5E/wwg=",
        "rev": "08585aacc3d6d6c280a02da195fdbd4b9cf083c2",
        "revCount": 2291,
        "type": "tarball",
        "url": "https://api.flakehub.com/f/pinned/nix-darwin/nix-darwin/0.2511.2291%2Brev-08585aacc3d6d6c280a02da195fdbd4b9cf083c2/019b8f3b-1aad-7a2a-a9a5-88d047da3691/source.tar.gz"
      },
      "original": {
        "type": "tarball",
        "url": "https://flakehub.com/f/nix-darwin/nix-darwin/0"
      }
    },
    "nix-index-database": {
      "inputs": {
        "nixpkgs": [
          "nixpkgs"
        ]
      },
      "locked": {
        "lastModified": 1765267181,
        "narHash": "sha256-d3NBA9zEtBu2JFMnTBqWj7Tmi7R5OikoU2ycrdhQEws=",
        "owner": "nix-community",
        "repo": "nix-index-database",
        "rev": "82befcf7dc77c909b0f2a09f5da910ec95c5b78f",
        "type": "github"
      },
      "original": {
        "owner": "nix-community",
        "repo": "nix-index-database",
        "type": "github"
      }
    },
    "nixpkgs": {
      "locked": {
        "lastModified": 1769411457,
        "narHash": "sha256-TbvPOG8U4+dXp84GR7F+Vc6RkEwhkvlu5JnDM5enQ/c=",
        "owner": "NixOS",
        "repo": "nixpkgs",
        "rev": "c5db6fba5cac287d9a7aef07045876c888baa21f",
        "type": "github"
      },
      "original": {
        "owner": "NixOS",
        "ref": "nixpkgs-25.11-darwin",
        "repo": "nixpkgs",
        "type": "github"
      }
    },
    "nixpkgs-lib": {
      "locked": {
        "lastModified": 1765674936,
        "narHash": "sha256-k00uTP4JNfmejrCLJOwdObYC9jHRrr/5M/a/8L2EIdo=",
        "owner": "nix-community",
        "repo": "nixpkgs.lib",
        "rev": "2075416fcb47225d9b68ac469a5c4801a9c4dd85",
        "type": "github"
      },
      "original": {
        "owner": "nix-community",
        "repo": "nixpkgs.lib",
        "type": "github"
      }
    },
    "opencode-mystatus": {
      "flake": false,
      "locked": {
        "lastModified": 1768926933,
        "narHash": "sha256-pHXmdEFw5nlJc+/jehCjySAmBRL7UsFBRpHcnSjWMek=",
        "owner": "vbgate",
        "repo": "opencode-mystatus",
        "rev": "196eed3834802a3d9cb0cea74aed8cbc743bcff4",
        "type": "github"
      },
      "original": {
        "owner": "vbgate",
        "repo": "opencode-mystatus",
        "type": "github"
      }
    },
    "opencode-notify": {
      "flake": false,
      "locked": {
        "lastModified": 1769198051,
        "narHash": "sha256-imheCw6M0E/iAaMIvPn+gWq5PxfPU0MvOGgiZhaN/xs=",
        "owner": "kdcokenny",
        "repo": "opencode-notify",
        "rev": "fe2bba68a3c2a82c727af69db5923f628aa9caa4",
        "type": "github"
      },
      "original": {
        "owner": "kdcokenny",
        "repo": "opencode-notify",
        "type": "github"
      }
    },
    "root": {
      "inputs": {
        "agent-browser": "agent-browser",
        "firefox-addons": "firefox-addons",
        "flake-parts": "flake-parts",
        "home-manager": "home-manager",
        "nix-darwin": "nix-darwin",
        "nix-index-database": "nix-index-database",
        "nixpkgs": "nixpkgs",
        "opencode-mystatus": "opencode-mystatus",
        "opencode-notify": "opencode-notify",
        "skill-react-best-practices": "skill-react-best-practices",
        "sops-nix": "sops-nix",
        "zen-browser": "zen-browser"
      }
    },
    "skill-react-best-practices": {
      "flake": false,
      "locked": {
        "lastModified": 1769452030,
        "narHash": "sha256-Z5Ip1XEVV3zuob4VLe5sAwZzEKzSuE2XWLzFOexPqVU=",
        "owner": "vercel-labs",
        "repo": "agent-skills",
        "rev": "23a77cf47783bbc1b647d40b14c1f61e3413a629",
        "type": "github"
      },
      "original": {
        "owner": "vercel-labs",
        "repo": "agent-skills",
        "type": "github"
      }
    },
    "sops-nix": {
      "inputs": {
        "nixpkgs": [
          "nixpkgs"
        ]
      },
      "locked": {
        "lastModified": 1769469829,
        "narHash": "sha256-wFcr32ZqspCxk4+FvIxIL0AZktRs6DuF8oOsLt59YBU=",
        "owner": "Mic92",
        "repo": "sops-nix",
        "rev": "c5eebd4eb2e3372fe12a8d70a248a6ee9dd02eff",
        "type": "github"
      },
      "original": {
        "owner": "Mic92",
        "repo": "sops-nix",
        "type": "github"
      }
    },
    "zen-browser": {
      "inputs": {
        "home-manager": [
          "home-manager"
        ],
        "nixpkgs": [
          "nixpkgs"
        ]
      },
      "locked": {
        "lastModified": 1769491693,
        "narHash": "sha256-bbqeCDML1yXI6kpy8q8BshKRV1szk3xV0StAbzw4Z+o=",
        "owner": "0xc000022070",
        "repo": "zen-browser-flake",
        "rev": "708e0f10aba5de7d0f55883d06fa08aa6a7cd462",
        "type": "github"
      },
      "original": {
        "owner": "0xc000022070",
        "repo": "zen-browser-flake",
        "type": "github"
      }
    }
  },
  "root": "root",
  "version": 7
}
